
Microsoft Visual Studio Solution File, Format Version 12.00
# Visual Studio 15
VisualStudioVersion = 15.0.28307.329
MinimumVisualStudioVersion = 10.0.40219.1
Project("{FAE04EC0-301F-11D3-BF4B-00C04F79EFBC}") = "AutoTrader", "AutoTrader\AutoTrader.csproj", "{6AFA2236-D07D-445A-A160-9E3E23EB94DC}"
EndProject
Global
	GlobalSection(SolutionConfigurationPlatforms) = preSolution
		Debug|Any CPU = Debug|Any CPU
		Release|Any CPU = Release|Any CPU
	EndGlobalSection
	GlobalSection(ProjectConfigurationPlatforms) = postSolution
		{6AFA2236-D07D-445A-A160-9E3E23EB94DC}.Debug|Any CPU.ActiveCfg = Debug|Any CPU
		{6AFA2236-D07D-445A-A160-9E3E23EB94DC}.Debug|Any CPU.Build.0 = Debug|Any CPU
		{6AFA2236-D07D-445A-A160-9E3E23EB94DC}.Release|Any CPU.ActiveCfg = Release|Any CPU
		{6AFA2236-D07D-445A-A160-9E3E23EB94DC}.Release|Any CPU.Build.0 = Release|Any CPU
	EndGlobalSection
	GlobalSection(SolutionProperties) = preSolution
		HideSolutionNode = FALSE
	EndGlobalSection
	GlobalSection(ExtensibilityGlobals) = postSolution
		SolutionGuid = {598A4B21-91AB-419B-A602-22A8ACC80609}
	EndGlobalSection
EndGlobal
